
Microsoft Visual Studio Solution File, Format Version 12.00
Project("{FAE04EC0-301F-11D3-BF4B-00C04F79EFBC}") = "BankAccountManagamentLibrary", "BankAccountManagamentLibrary\BankAccountManagamentLibrary.csproj", "{E81972E8-688A-46F8-A120-0E3281FB6D48}"
EndProject
Project("{FAE04EC0-301F-11D3-BF4B-00C04F79EFBC}") = "BankAccountManagament", "BankAccountManagament\BankAccountManagament.csproj", "{65CFCF4B-2DDF-4231-A65F-77FEFB24189C}"
EndProject
Project("{FAE04EC0-301F-11D3-BF4B-00C04F79EFBC}") = "Controller", "Controller\Controller.csproj", "{5FACCEB6-290B-41F0-95D3-D8A334978C6F}"
EndProject
Global
	GlobalSection(SolutionConfigurationPlatforms) = preSolution
		Debug|Any CPU = Debug|Any CPU
		Release|Any CPU = Release|Any CPU
	EndGlobalSection
	GlobalSection(ProjectConfigurationPlatforms) = postSolution
		{E81972E8-688A-46F8-A120-0E3281FB6D48}.Debug|Any CPU.ActiveCfg = Debug|Any CPU
		{E81972E8-688A-46F8-A120-0E3281FB6D48}.Debug|Any CPU.Build.0 = Debug|Any CPU
		{E81972E8-688A-46F8-A120-0E3281FB6D48}.Release|Any CPU.ActiveCfg = Release|Any CPU
		{E81972E8-688A-46F8-A120-0E3281FB6D48}.Release|Any CPU.Build.0 = Release|Any CPU
		{65CFCF4B-2DDF-4231-A65F-77FEFB24189C}.Debug|Any CPU.ActiveCfg = Debug|Any CPU
		{65CFCF4B-2DDF-4231-A65F-77FEFB24189C}.Debug|Any CPU.Build.0 = Debug|Any CPU
		{65CFCF4B-2DDF-4231-A65F-77FEFB24189C}.Release|Any CPU.ActiveCfg = Release|Any CPU
		{65CFCF4B-2DDF-4231-A65F-77FEFB24189C}.Release|Any CPU.Build.0 = Release|Any CPU
		{5FACCEB6-290B-41F0-95D3-D8A334978C6F}.Debug|Any CPU.ActiveCfg = Debug|Any CPU
		{5FACCEB6-290B-41F0-95D3-D8A334978C6F}.Debug|Any CPU.Build.0 = Debug|Any CPU
		{5FACCEB6-290B-41F0-95D3-D8A334978C6F}.Release|Any CPU.ActiveCfg = Release|Any CPU
		{5FACCEB6-290B-41F0-95D3-D8A334978C6F}.Release|Any CPU.Build.0 = Release|Any CPU
	EndGlobalSection
EndGlobal
